
Microsoft Visual Studio Solution File, Format Version 12.00
# Visual Studio Version 17
VisualStudioVersion = 17.11.35208.52
MinimumVisualStudioVersion = 10.0.40219.1
Project("{FAE04EC0-301F-11D3-BF4B-00C04F79EFBC}") = "PHONEBOOK", "PHONEBOOK\PHONEBOOK.csproj", "{99792EA8-367F-46BD-8C11-2709CAEC2EBD}"
EndProject
Global
	GlobalSection(SolutionConfigurationPlatforms) = preSolution
		Debug|Any CPU = Debug|Any CPU
		Release|Any CPU = Release|Any CPU
	EndGlobalSection
	GlobalSection(ProjectConfigurationPlatforms) = postSolution
		{99792EA8-367F-46BD-8C11-2709CAEC2EBD}.Debug|Any CPU.ActiveCfg = Debug|Any CPU
		{99792EA8-367F-46BD-8C11-2709CAEC2EBD}.Debug|Any CPU.Build.0 = Debug|Any CPU
		{99792EA8-367F-46BD-8C11-2709CAEC2EBD}.Release|Any CPU.ActiveCfg = Release|Any CPU
		{99792EA8-367F-46BD-8C11-2709CAEC2EBD}.Release|Any CPU.Build.0 = Release|Any CPU
	EndGlobalSection
	GlobalSection(SolutionProperties) = preSolution
		HideSolutionNode = FALSE
	EndGlobalSection
	GlobalSection(ExtensibilityGlobals) = postSolution
		SolutionGuid = {EAA257CF-EB7A-49D2-A89F-73FDB3BE7FDC}
	EndGlobalSection
EndGlobal
